
Microsoft Visual Studio Solution File, Format Version 12.00
# Visual Studio Version 17
VisualStudioVersion = 17.4.33122.133
MinimumVisualStudioVersion = 10.0.40219.1
Project("{8BC9CEB8-8B4A-11D0-8D11-00A0C91BC942}") = "QtMetaParser", "QtMetaParser.vcxproj", "{E6741CEB-8A82-495B-886E-A85CCA4F368B}"
EndProject
Global
	GlobalSection(SolutionConfigurationPlatforms) = preSolution
		Qt32Debug|x64 = Qt32Debug|x64
		Qt32Release|x64 = Qt32Release|x64
		Qt64Debug|x64 = Qt64Debug|x64
		Qt64Release|x64 = Qt64Release|x64
	EndGlobalSection
	GlobalSection(ProjectConfigurationPlatforms) = postSolution
		{E6741CEB-8A82-495B-886E-A85CCA4F368B}.Qt32Debug|x64.ActiveCfg = Qt32Debug|x64
		{E6741CEB-8A82-495B-886E-A85CCA4F368B}.Qt32Debug|x64.Build.0 = Qt32Debug|x64
		{E6741CEB-8A82-495B-886E-A85CCA4F368B}.Qt32Release|x64.ActiveCfg = Qt32Release|x64
		{E6741CEB-8A82-495B-886E-A85CCA4F368B}.Qt32Release|x64.Build.0 = Qt32Release|x64
		{E6741CEB-8A82-495B-886E-A85CCA4F368B}.Qt64Debug|x64.ActiveCfg = Qt64Debug|x64
		{E6741CEB-8A82-495B-886E-A85CCA4F368B}.Qt64Debug|x64.Build.0 = Qt64Debug|x64
		{E6741CEB-8A82-495B-886E-A85CCA4F368B}.Qt64Release|x64.ActiveCfg = Qt64Release|x64
		{E6741CEB-8A82-495B-886E-A85CCA4F368B}.Qt64Release|x64.Build.0 = Qt64Release|x64
	EndGlobalSection
	GlobalSection(SolutionProperties) = preSolution
		HideSolutionNode = FALSE
	EndGlobalSection
	GlobalSection(ExtensibilityGlobals) = postSolution
		SolutionGuid = {C286A9A2-AFB1-4BDB-8A3F-ACEFAC88D033}
	EndGlobalSection
EndGlobal
